
Microsoft Visual Studio Solution File, Format Version 12.00
# Visual Studio Version 17
VisualStudioVersion = 17.12.35527.113 d17.12
MinimumVisualStudioVersion = 10.0.40219.1
Project("{FAE04EC0-301F-11D3-BF4B-00C04F79EFBC}") = "ConfigManager.Example", "ConfigManager\ConfigManager.Example.csproj", "{88F6F78E-4406-42CE-8FC3-EA2D3515898B}"
EndProject
Project("{FAE04EC0-301F-11D3-BF4B-00C04F79EFBC}") = "ConfigManager.Lib", "ConfigManager.Lib\ConfigManager.Lib.csproj", "{9662AF55-B0FC-4599-A4AD-8FF9F4B7E7C2}"
EndProject
Global
	GlobalSection(SolutionConfigurationPlatforms) = preSolution
		Debug|Any CPU = Debug|Any CPU
		Release|Any CPU = Release|Any CPU
	EndGlobalSection
	GlobalSection(ProjectConfigurationPlatforms) = postSolution
		{88F6F78E-4406-42CE-8FC3-EA2D3515898B}.Debug|Any CPU.ActiveCfg = Debug|Any CPU
		{88F6F78E-4406-42CE-8FC3-EA2D3515898B}.Debug|Any CPU.Build.0 = Debug|Any CPU
		{88F6F78E-4406-42CE-8FC3-EA2D3515898B}.Release|Any CPU.ActiveCfg = Release|Any CPU
		{88F6F78E-4406-42CE-8FC3-EA2D3515898B}.Release|Any CPU.Build.0 = Release|Any CPU
		{9662AF55-B0FC-4599-A4AD-8FF9F4B7E7C2}.Debug|Any CPU.ActiveCfg = Debug|Any CPU
		{9662AF55-B0FC-4599-A4AD-8FF9F4B7E7C2}.Debug|Any CPU.Build.0 = Debug|Any CPU
		{9662AF55-B0FC-4599-A4AD-8FF9F4B7E7C2}.Release|Any CPU.ActiveCfg = Release|Any CPU
		{9662AF55-B0FC-4599-A4AD-8FF9F4B7E7C2}.Release|Any CPU.Build.0 = Release|Any CPU
	EndGlobalSection
	GlobalSection(SolutionProperties) = preSolution
		HideSolutionNode = FALSE
	EndGlobalSection
EndGlobal
